
Microsoft Visual Studio Solution File, Format Version 12.00
# Visual Studio Version 16
VisualStudioVersion = 16.0.30717.126
MinimumVisualStudioVersion = 10.0.40219.1
Project("{FAE04EC0-301F-11D3-BF4B-00C04F79EFBC}") = "Insta Downloader", "Insta Downloader\Insta Downloader.csproj", "{C52A873B-3A53-4B36-B355-88E62C46BD0E}"
EndProject
Global
	GlobalSection(SolutionConfigurationPlatforms) = preSolution
		Debug|Any CPU = Debug|Any CPU
		Release|Any CPU = Release|Any CPU
	EndGlobalSection
	GlobalSection(ProjectConfigurationPlatforms) = postSolution
		{C52A873B-3A53-4B36-B355-88E62C46BD0E}.Debug|Any CPU.ActiveCfg = Debug|Any CPU
		{C52A873B-3A53-4B36-B355-88E62C46BD0E}.Debug|Any CPU.Build.0 = Debug|Any CPU
		{C52A873B-3A53-4B36-B355-88E62C46BD0E}.Release|Any CPU.ActiveCfg = Release|Any CPU
		{C52A873B-3A53-4B36-B355-88E62C46BD0E}.Release|Any CPU.Build.0 = Release|Any CPU
	EndGlobalSection
	GlobalSection(SolutionProperties) = preSolution
		HideSolutionNode = FALSE
	EndGlobalSection
	GlobalSection(ExtensibilityGlobals) = postSolution
		SolutionGuid = {514A7737-B583-463B-BD0F-01A85DA5CC2A}
	EndGlobalSection
EndGlobal
